lockfileVersion: '9.0'

settings:
  autoInstallPeers: true
  excludeLinksFromLockfile: false

importers:

  .:
    dependencies:
      pnpm:
        specifier: ^10.28.0
        version: 10.28.0

packages:

  pnpm@10.28.0:
    resolution: {integrity: sha512-Bd9x0UIfITmeBT/eVnzqNNRG+gLHZXFEG/wceVbpjjYwiJgtlARl/TRIDU2QoGaLwSNi+KqIAApk6D0LDke+SA==}
    engines: {node: '>=18.12'}
    hasBin: true

snapshots:

  pnpm@10.28.0: {}
